
Microsoft Visual Studio Solution File, Format Version 12.00
# Visual Studio Version 16
VisualStudioVersion = 16.0.30011.22
MinimumVisualStudioVersion = 10.0.40219.1
Project("{9A19103F-16F7-4668-BE54-9A1E7A4F7556}") = "lab_13_data", "lab_13_data\lab_13_data.csproj", "{8AAA0EB1-40EA-4985-A1C4-5467CB67A379}"
EndProject
Project("{FAE04EC0-301F-11D3-BF4B-00C04F79EFBC}") = "AsyncHotelsWebApplication", "AsyncHotelsWebApplication\AsyncHotelsWebApplication.csproj", "{07EBE51C-F3BD-44B8-85BA-A12AA0E4F05F}"
EndProject
Global
	GlobalSection(SolutionConfigurationPlatforms) = preSolution
		Debug|Any CPU = Debug|Any CPU
		Release|Any CPU = Release|Any CPU
	EndGlobalSection
	GlobalSection(ProjectConfigurationPlatforms) = postSolution
		{8AAA0EB1-40EA-4985-A1C4-5467CB67A379}.Debug|Any CPU.ActiveCfg = Debug|Any CPU
		{8AAA0EB1-40EA-4985-A1C4-5467CB67A379}.Debug|Any CPU.Build.0 = Debug|Any CPU
		{8AAA0EB1-40EA-4985-A1C4-5467CB67A379}.Release|Any CPU.ActiveCfg = Release|Any CPU
		{8AAA0EB1-40EA-4985-A1C4-5467CB67A379}.Release|Any CPU.Build.0 = Release|Any CPU
		{07EBE51C-F3BD-44B8-85BA-A12AA0E4F05F}.Debug|Any CPU.ActiveCfg = Debug|Any CPU
		{07EBE51C-F3BD-44B8-85BA-A12AA0E4F05F}.Debug|Any CPU.Build.0 = Debug|Any CPU
		{07EBE51C-F3BD-44B8-85BA-A12AA0E4F05F}.Release|Any CPU.ActiveCfg = Release|Any CPU
		{07EBE51C-F3BD-44B8-85BA-A12AA0E4F05F}.Release|Any CPU.Build.0 = Release|Any CPU
	EndGlobalSection
	GlobalSection(SolutionProperties) = preSolution
		HideSolutionNode = FALSE
	EndGlobalSection
	GlobalSection(ExtensibilityGlobals) = postSolution
		SolutionGuid = {D105CCB0-A9B1-4A84-BD52-20750658A8E9}
	EndGlobalSection
EndGlobal
