
Microsoft Visual Studio Solution File, Format Version 12.00
# Visual Studio Version 16
VisualStudioVersion = 16.0.30011.22
MinimumVisualStudioVersion = 10.0.40219.1
Project("{9A19103F-16F7-4668-BE54-9A1E7A4F7556}") = "lab_13_data", "lab_13_data.csproj", "{6EBB1379-E65B-4990-9794-AC0235E16A78}"
EndProject
Global
	GlobalSection(SolutionConfigurationPlatforms) = preSolution
		Debug|Any CPU = Debug|Any CPU
		Release|Any CPU = Release|Any CPU
	EndGlobalSection
	GlobalSection(ProjectConfigurationPlatforms) = postSolution
		{6EBB1379-E65B-4990-9794-AC0235E16A78}.Debug|Any CPU.ActiveCfg = Debug|Any CPU
		{6EBB1379-E65B-4990-9794-AC0235E16A78}.Debug|Any CPU.Build.0 = Debug|Any CPU
		{6EBB1379-E65B-4990-9794-AC0235E16A78}.Release|Any CPU.ActiveCfg = Release|Any CPU
		{6EBB1379-E65B-4990-9794-AC0235E16A78}.Release|Any CPU.Build.0 = Release|Any CPU
	EndGlobalSection
	GlobalSection(SolutionProperties) = preSolution
		HideSolutionNode = FALSE
	EndGlobalSection
	GlobalSection(ExtensibilityGlobals) = postSolution
		SolutionGuid = {D105CCB0-A9B1-4A84-BD52-20750658A8E9}
	EndGlobalSection
EndGlobal
